
Microsoft Visual Studio Solution File, Format Version 12.00
# Visual Studio Version 17
VisualStudioVersion = 17.4.33213.308
MinimumVisualStudioVersion = 10.0.40219.1
Project("{9A19103F-16F7-4668-BE54-9A1E7A4F7556}") = "DeepLearning_ImageClassification_Binary", "DeepLearning_ImageClassification_Binary\DeepLearning_ImageClassification_Binary.csproj", "{836D3AE5-6556-4573-BA24-2E6964621540}"
EndProject
Project("{9A19103F-16F7-4668-BE54-9A1E7A4F7556}") = "NeuralNetworkAPP", "NeuralNetworkAPP\NeuralNetworkAPP.csproj", "{824EDF64-3000-4CA4-8F87-864F9DB78572}"
EndProject
Global
	GlobalSection(SolutionConfigurationPlatforms) = preSolution
		Debug|Any CPU = Debug|Any CPU
		Release|Any CPU = Release|Any CPU
	EndGlobalSection
	GlobalSection(ProjectConfigurationPlatforms) = postSolution
		{836D3AE5-6556-4573-BA24-2E6964621540}.Debug|Any CPU.ActiveCfg = Debug|Any CPU
		{836D3AE5-6556-4573-BA24-2E6964621540}.Debug|Any CPU.Build.0 = Debug|Any CPU
		{836D3AE5-6556-4573-BA24-2E6964621540}.Release|Any CPU.ActiveCfg = Release|Any CPU
		{836D3AE5-6556-4573-BA24-2E6964621540}.Release|Any CPU.Build.0 = Release|Any CPU
		{824EDF64-3000-4CA4-8F87-864F9DB78572}.Debug|Any CPU.ActiveCfg = Debug|Any CPU
		{824EDF64-3000-4CA4-8F87-864F9DB78572}.Debug|Any CPU.Build.0 = Debug|Any CPU
		{824EDF64-3000-4CA4-8F87-864F9DB78572}.Release|Any CPU.ActiveCfg = Release|Any CPU
		{824EDF64-3000-4CA4-8F87-864F9DB78572}.Release|Any CPU.Build.0 = Release|Any CPU
	EndGlobalSection
	GlobalSection(SolutionProperties) = preSolution
		HideSolutionNode = FALSE
	EndGlobalSection
	GlobalSection(ExtensibilityGlobals) = postSolution
		SolutionGuid = {6BFD3737-BA71-4613-94C0-727F6E00FEBD}
	EndGlobalSection
EndGlobal
